// !$*UTF8*$!
{
	archiveVersion = 1;
	classes = {
	};
	objectVersion = 46;
	objects = {

/* Begin PBXBuildFile section */
		BD3C13BE1C52EF0400197E9E /* AppDelegate.swift in Sources */ = {isa = PBXBuildFile; fileRef = BD3C13BD1C52EF0400197E9E /* AppDelegate.swift */; };
		BD3C13C01C52EF0400197E9E /* ViewController.swift in Sources */ = {isa = PBXBuildFile; fileRef = BD3C13BF1C52EF0400197E9E /* ViewController.swift */; };
		BD3C13C31C52EF0400197E9E /* Main.storyboard in Resources */ = {isa = PBXBuildFile; fileRef = BD3C13C11C52EF0400197E9E /* Main.storyboard */; };
		BD3C13C51C52EF0400197E9E /* Assets.xcassets in Resources */ = {isa = PBXBuildFile; fileRef = BD3C13C41C52EF0400197E9E /* Assets.xcassets */; };
		BD3C13C81C52EF0400197E9E /* LaunchScreen.storyboard in Resources */ = {isa = PBXBuildFile; fileRef = BD3C13C61C52EF0400197E9E /* LaunchScreen.storyboard */; };
		BD3C13D01C52EF1A00197E9E /* Row.jpg in Resources */ = {isa = PBXBuildFile; fileRef = BD3C13CF1C52EF1A00197E9E /* Row.jpg */; };
/* End PBXBuildFile section */

/* Begin PBXFileReference section */
		BD3C13BA1C52EF0400197E9E /* SuperEasyApps.app */ = {isa = PBXFileReference; explicitFileType = wrapper.application; includeInIndex = 0; path = SuperEasyApps.app; sourceTree = BUILT_PRODUCTS_DIR; };
		BD3C13BD1C52EF0400197E9E /* AppDelegate.swift */ = {isa = PBXFileReference; lastKnownFileType = sourcecode.swift; path = AppDelegate.swift; sourceTree = "<group>"; };
		BD3C13BF1C52EF0400197E9E /* ViewController.swift */ = {isa = PBXFileReference; lastKnownFileType = sourcecode.swift; path = ViewController.swift; sourceTree = "<group>"; };
		BD3C13C21C52EF0400197E9E /* Base */ = {isa = PBXFileReference; lastKnownFileType = file.storyboard; name = Base; path = Base.lproj/Main.storyboard; sourceTree = "<group>"; };
		BD3C13C41C52EF0400197E9E /* Assets.xcassets */ = {isa = PBXFileReference; lastKnownFileType = folder.assetcatalog; path = Assets.xcassets; sourceTree = "<group>"; };
		BD3C13C71C52EF0400197E9E /* Base */ = {isa = PBXFileReference; lastKnownFileType = file.storyboard; name = Base; path = Base.lproj/LaunchScreen.storyboard; sourceTree = "<group>"; };
		BD3C13C91C52EF0400197E9E /* Info.plist */ = {isa = PBXFileReference; lastKnownFileType = text.plist.xml; path = Info.plist; sourceTree = "<group>"; };
		BD3C13CF1C52EF1A00197E9E /* Row.jpg */ = {isa = PBXFileReference; lastKnownFileType = image.jpeg; path = Row.jpg; sourceTree = "<group>"; };
/* End PBXFileReference section */

/* Begin PBXFrameworksBuildPhase section */
		BD3C13B71C52EF0400197E9E /* Frameworks */ = {
			isa = PBXFrameworksBuildPhase;
			buildActionMask = 2147483647;
			files = (
			);
			runOnlyForDeploymentPostprocessing = 0;
		};
/* End PBXFrameworksBuildPhase section */

/* Begin PBXGroup section */
		BD3C13B11C52EF0400197E9E = {
			isa = PBXGroup;
			children = (
				BD3C13BC1C52EF0400197E9E /* SuperEasyApps */,
				BD3C13BB1C52EF0400197E9E /* Products */,
				BD3C13CF1C52EF1A00197E9E /* Row.jpg */,
			);
			sourceTree = "<group>";
		};
		BD3C13BB1C52EF0400197E9E /* Products */ = {
			isa = PBXGroup;
			children = (
				BD3C13BA1C52EF0400197E9E /* SuperEasyApps.app */,
			);
			name = Products;
			sourceTree = "<group>";
		};
		BD3C13BC1C52EF0400197E9E /* SuperEasyApps */ = {
			isa = PBXGroup;
			children = (
				BD3C13BD1C52EF0400197E9E /* AppDelegate.swift */,
				BD3C13BF1C52EF0400197E9E /* ViewController.swift */,
				BD3C13C11C52EF0400197E9E /* Main.storyboard */,
				BD3C13C41C52EF0400197E9E /* Assets.xcassets */,
				BD3C13C61C52EF0400197E9E /* LaunchScreen.storyboard */,
				BD3C13C91C52EF0400197E9E /* Info.plist */,
			);
			path = SuperEasyApps;
			sourceTree = "<group>";
		};
/* End PBXGroup section */

/* Begin PBXNativeTarget section */
		BD3C13B91C52EF0400197E9E /* SuperEasyApps */ = {
			isa = PBXNativeTarget;
			buildConfigurationList = BD3C13CC1C52EF0400197E9E /* Build configuration list for PBXNativeTarget "SuperEasyApps" */;
			buildPhases = (
				BD3C13B61C52EF0400197E9E /* Sources */,
				BD3C13B71C52EF0400197E9E /* Frameworks */,
				BD3C13B81C52EF0400197E9E /* Resources */,
			);
			buildRules = (
			);
			dependencies = (
			);
			name = SuperEasyApps;
			productName = SuperEasyApps;
			productReference = BD3C13BA1C52EF0400197E9E /* SuperEasyApps.app */;
			productType = "com.apple.product-type.application";
		};
/* End PBXNativeTarget section */

/* Begin PBXProject section */
		BD3C13B21C52EF0400197E9E /* Project object */ = {
			isa = PBXProject;
			attributes = {
				LastSwiftUpdateCheck = 0720;
				LastUpgradeCheck = 0720;
				ORGANIZATIONNAME = "Paul Solt";
				TargetAttributes = {
					BD3C13B91C52EF0400197E9E = {
						CreatedOnToolsVersion = 7.2;
					};
				};
			};
			buildConfigurationList = BD3C13B51C52EF0400197E9E /* Build configuration list for PBXProject "SuperEasyApps" */;
			compatibilityVersion = "Xcode 3.2";
			developmentRegion = English;
			hasScannedForEncodings = 0;
			knownRegions = (
				en,
				Base,
			);
			mainGroup = BD3C13B11C52EF0400197E9E;
			productRefGroup = BD3C13BB1C52EF0400197E9E /* Products */;
			projectDirPath = "";
			projectRoot = "";
			targets = (
				BD3C13B91C52EF0400197E9E /* SuperEasyApps */,
			);
		};
/* End PBXProject section */

/* Begin PBXResourcesBuildPhase section */
		BD3C13B81C52EF0400197E9E /* Resources */ = {
			isa = PBXResourcesBuildPhase;
			buildActionMask = 2147483647;
			files = (
				BD3C13C81C52EF0400197E9E /* LaunchScreen.storyboard in Resources */,
				BD3C13C51C52EF0400197E9E /* Assets.xcassets in Resources */,
				BD3C13D01C52EF1A00197E9E /* Row.jpg in Resources */,
				BD3C13C31C52EF0400197E9E /* Main.storyboard in Resources */,
			);
			runOnlyForDeploymentPostprocessing = 0;
		};
/* End PBXResourcesBuildPhase section */

/* Begin PBXSourcesBuildPhase section */
		BD3C13B61C52EF0400197E9E /* Sources */ = {
			isa = PBXSourcesBuildPhase;
			buildActionMask = 2147483647;
			files = (
				BD3C13C01C52EF0400197E9E /* ViewController.swift in Sources */,
				BD3C13BE1C52EF0400197E9E /* AppDelegate.swift in Sources */,
			);
			runOnlyForDeploymentPostprocessing = 0;
		};
/* End PBXSourcesBuildPhase section */

/* Begin PBXVariantGroup section */
		BD3C13C11C52EF0400197E9E /* Main.storyboard */ = {
			isa = PBXVariantGroup;
			children = (
				BD3C13C21C52EF0400197E9E /* Base */,
			);
			name = Main.storyboard;
			sourceTree = "<group>";
		};
		BD3C13C61C52EF0400197E9E /* LaunchScreen.storyboard */ = {
			isa = PBXVariantGroup;
			children = (
				BD3C13C71C52EF0400197E9E /* Base */,
			);
			name = LaunchScreen.storyboard;
			sourceTree = "<group>";
		};
/* End PBXVariantGroup section */

/* Begin XCBuildConfiguration section */
		BD3C13CA1C52EF0400197E9E /* Debug */ = {
			isa = XCBuildConfiguration;
			buildSettings = {
				ALWAYS_SEARCH_USER_PATHS = NO;
				CLANG_CXX_LANGUAGE_STANDARD = "gnu++0x";
				CLANG_CXX_LIBRARY = "libc++";
				CLANG_ENABLE_MODULES = YES;
				CLANG_ENABLE_OBJC_ARC = YES;
				CLANG_WARN_BOOL_CONVERSION = YES;
				CLANG_WARN_CONSTANT_CONVERSION = YES;
				CLANG_WARN_DIRECT_OBJC_ISA_USAGE = YES_ERROR;
				CLANG_WARN_EMPTY_BODY = YES;
				CLANG_WARN_ENUM_CONVERSION = YES;
				CLANG_WARN_INT_CONVERSION = YES;
				CLANG_WARN_OBJC_ROOT_CLASS = YES_ERROR;
				CLANG_WARN_UNREACHABLE_CODE = YES;
				CLANG_WARN__DUPLICATE_METHOD_MATCH = YES;
				"CODE_SIGN_IDENTITY[sdk=iphoneos*]" = "iPhone Developer";
				COPY_PHASE_STRIP = NO;
				DEBUG_INFORMATION_FORMAT = dwarf;
				ENABLE_STRICT_OBJC_MSGSEND = YES;
				ENABLE_TESTABILITY = YES;
				GCC_C_LANGUAGE_STANDARD = gnu99;
				GCC_DYNAMIC_NO_PIC = NO;
				GCC_NO_COMMON_BLOCKS = YES;
				GCC_OPTIMIZATION_LEVEL = 0;
				GCC_PREPROCESSOR_DEFINITIONS = (
					"DEBUG=1",
					"$(inherited)",
				);
				GCC_WARN_64_TO_32_BIT_CONVERSION = YES;
				GCC_WARN_ABOUT_RETURN_TYPE = YES_ERROR;
				GCC_WARN_UNDECLARED_SELECTOR = YES;
				GCC_WARN_UNINITIALIZED_AUTOS = YES_AGGRESSIVE;
				GCC_WARN_UNUSED_FUNCTION = YES;
				GCC_WARN_UNUSED_VARIABLE = YES;
				IPHONEOS_DEPLOYMENT_TARGET = 9.2;
				MTL_ENABLE_DEBUG_INFO = YES;
				ONLY_ACTIVE_ARCH = YES;
				SDKROOT = iphoneos;
				SWIFT_OPTIMIZATION_LEVEL = "-Onone";
			};
			name = Debug;
		};
		BD3C13CB1C52EF0400197E9E /* Release */ = {
			isa = XCBuildConfiguration;
			buildSettings = {
				ALWAYS_SEARCH_USER_PATHS = NO;
				CLANG_CXX_LANGUAGE_STANDARD = "gnu++0x";
				CLANG_CXX_LIBRARY = "libc++";
				CLANG_ENABLE_MODULES = YES;
				CLANG_ENABLE_OBJC_ARC = YES;
				CLANG_WARN_BOOL_CONVERSION = YES;
				CLANG_WARN_CONSTANT_CONVERSION = YES;
				CLANG_WARN_DIRECT_OBJC_ISA_USAGE = YES_ERROR;
				CLANG_WARN_EMPTY_BODY = YES;
				CLANG_WARN_ENUM_CONVERSION = YES;
				CLANG_WARN_INT_CONVERSION = YES;
				CLANG_WARN_OBJC_ROOT_CLASS = YES_ERROR;
				CLANG_WARN_UNREACHABLE_CODE = YES;
				CLANG_WARN__DUPLICATE_METHOD_MATCH = YES;
				"CODE_SIGN_IDENTITY[sdk=iphoneos*]" = "iPhone Developer";
				COPY_PHASE_STRIP = NO;
				DEBUG_INFORMATION_FORMAT = "dwarf-with-dsym";
				ENABLE_NS_ASSERTIONS = NO;
				ENABLE_STRICT_OBJC_MSGSEND = YES;
				GCC_C_LANGUAGE_STANDARD = gnu99;
				GCC_NO_COMMON_BLOCKS = YES;
				GCC_WARN_64_TO_32_BIT_CONVERSION = YES;
				GCC_WARN_ABOUT_RETURN_TYPE = YES_ERROR;
				GCC_WARN_UNDECLARED_SELECTOR = YES;
				GCC_WARN_UNINITIALIZED_AUTOS = YES_AGGRESSIVE;
				GCC_WARN_UNUSED_FUNCTION = YES;
				GCC_WARN_UNUSED_VARIABLE = YES;
				IPHONEOS_DEPLOYMENT_TARGET = 9.2;
				MTL_ENABLE_DEBUG_INFO = NO;
				SDKROOT = iphoneos;
				VALIDATE_PRODUCT = YES;
			};
			name = Release;
		};
		BD3C13CD1C52EF0400197E9E /* Debug */ = {
			isa = XCBuildConfiguration;
			buildSettings = {
				ASSETCATALOG_COMPILER_APPICON_NAME = AppIcon;
				INFOPLIST_FILE = SuperEasyApps/Info.plist;
				LD_RUNPATH_SEARCH_PATHS = "$(inherited) @executable_path/Frameworks";
				PRODUCT_BUNDLE_IDENTIFIER = com.paulsolt.SuperEasyApps;
				PRODUCT_NAME = "$(TARGET_NAME)";
			};
			name = Debug;
		};
		BD3C13CE1C52EF0400197E9E /* Release */ = {
			isa = XCBuildConfiguration;
			buildSettings = {
				ASSETCATALOG_COMPILER_APPICON_NAME = AppIcon;
				INFOPLIST_FILE = SuperEasyApps/Info.plist;
				LD_RUNPATH_SEARCH_PATHS = "$(inherited) @executable_path/Frameworks";
				PRODUCT_BUNDLE_IDENTIFIER = com.paulsolt.SuperEasyApps;
				PRODUCT_NAME = "$(TARGET_NAME)";
			};
			name = Release;
		};
/* End XCBuildConfiguration section */

/* Begin XCConfigurationList section */
		BD3C13B51C52EF0400197E9E /* Build configuration list for PBXProject "SuperEasyApps" */ = {
			isa = XCConfigurationList;
			buildConfigurations = (
				BD3C13CA1C52EF0400197E9E /* Debug */,
				BD3C13CB1C52EF0400197E9E /* Release */,
			);
			defaultConfigurationIsVisible = 0;
			defaultConfigurationName = Release;
		};
		BD3C13CC1C52EF0400197E9E /* Build configuration list for PBXNativeTarget "SuperEasyApps" */ = {
			isa = XCConfigurationList;
			buildConfigurations = (
				BD3C13CD1C52EF0400197E9E /* Debug */,
				BD3C13CE1C52EF0400197E9E /* Release */,
			);
			defaultConfigurationIsVisible = 0;
		};
/* End XCConfigurationList section */
	};
	rootObject = BD3C13B21C52EF0400197E9E /* Project object */;
}
