// !$*UTF8*$!
{
	archiveVersion = 1;
	classes = {
	};
	objectVersion = 46;
	objects = {

/* Begin PBXBuildFile section */
		BD15CB421BDF1EBA00505DCE /* AppDelegate.swift in Sources */ = {isa = PBXBuildFile; fileRef = BD15CB411BDF1EBA00505DCE /* AppDelegate.swift */; };
		BD15CB441BDF1EBA00505DCE /* ViewController.swift in Sources */ = {isa = PBXBuildFile; fileRef = BD15CB431BDF1EBA00505DCE /* ViewController.swift */; };
		BD15CB471BDF1EBA00505DCE /* Main.storyboard in Resources */ = {isa = PBXBuildFile; fileRef = BD15CB451BDF1EBA00505DCE /* Main.storyboard */; };
		BD15CB491BDF1EBA00505DCE /* Assets.xcassets in Resources */ = {isa = PBXBuildFile; fileRef = BD15CB481BDF1EBA00505DCE /* Assets.xcassets */; };
		BD15CB4C1BDF1EBA00505DCE /* LaunchScreen.storyboard in Resources */ = {isa = PBXBuildFile; fileRef = BD15CB4A1BDF1EBA00505DCE /* LaunchScreen.storyboard */; };
/* End PBXBuildFile section */

/* Begin PBXFileReference section */
		BD15CB3E1BDF1EBA00505DCE /* First iPhone App Project.app */ = {isa = PBXFileReference; explicitFileType = wrapper.application; includeInIndex = 0; path = "First iPhone App Project.app"; sourceTree = BUILT_PRODUCTS_DIR; };
		BD15CB411BDF1EBA00505DCE /* AppDelegate.swift */ = {isa = PBXFileReference; lastKnownFileType = sourcecode.swift; path = AppDelegate.swift; sourceTree = "<group>"; };
		BD15CB431BDF1EBA00505DCE /* ViewController.swift */ = {isa = PBXFileReference; lastKnownFileType = sourcecode.swift; path = ViewController.swift; sourceTree = "<group>"; };
		BD15CB461BDF1EBA00505DCE /* Base */ = {isa = PBXFileReference; lastKnownFileType = file.storyboard; name = Base; path = Base.lproj/Main.storyboard; sourceTree = "<group>"; };
		BD15CB481BDF1EBA00505DCE /* Assets.xcassets */ = {isa = PBXFileReference; lastKnownFileType = folder.assetcatalog; path = Assets.xcassets; sourceTree = "<group>"; };
		BD15CB4B1BDF1EBA00505DCE /* Base */ = {isa = PBXFileReference; lastKnownFileType = file.storyboard; name = Base; path = Base.lproj/LaunchScreen.storyboard; sourceTree = "<group>"; };
		BD15CB4D1BDF1EBA00505DCE /* Info.plist */ = {isa = PBXFileReference; lastKnownFileType = text.plist.xml; path = Info.plist; sourceTree = "<group>"; };
/* End PBXFileReference section */

/* Begin PBXFrameworksBuildPhase section */
		BD15CB3B1BDF1EBA00505DCE /* Frameworks */ = {
			isa = PBXFrameworksBuildPhase;
			buildActionMask = 2147483647;
			files = (
			);
			runOnlyForDeploymentPostprocessing = 0;
		};
/* End PBXFrameworksBuildPhase section */

/* Begin PBXGroup section */
		BD15CB351BDF1EBA00505DCE = {
			isa = PBXGroup;
			children = (
				BD15CB401BDF1EBA00505DCE /* First iPhone App Project */,
				BD15CB3F1BDF1EBA00505DCE /* Products */,
			);
			sourceTree = "<group>";
		};
		BD15CB3F1BDF1EBA00505DCE /* Products */ = {
			isa = PBXGroup;
			children = (
				BD15CB3E1BDF1EBA00505DCE /* First iPhone App Project.app */,
			);
			name = Products;
			sourceTree = "<group>";
		};
		BD15CB401BDF1EBA00505DCE /* First iPhone App Project */ = {
			isa = PBXGroup;
			children = (
				BD15CB411BDF1EBA00505DCE /* AppDelegate.swift */,
				BD15CB431BDF1EBA00505DCE /* ViewController.swift */,
				BD15CB451BDF1EBA00505DCE /* Main.storyboard */,
				BD15CB481BDF1EBA00505DCE /* Assets.xcassets */,
				BD15CB4A1BDF1EBA00505DCE /* LaunchScreen.storyboard */,
				BD15CB4D1BDF1EBA00505DCE /* Info.plist */,
			);
			path = "First iPhone App Project";
			sourceTree = "<group>";
		};
/* End PBXGroup section */

/* Begin PBXNativeTarget section */
		BD15CB3D1BDF1EBA00505DCE /* First iPhone App Project */ = {
			isa = PBXNativeTarget;
			buildConfigurationList = BD15CB501BDF1EBA00505DCE /* Build configuration list for PBXNativeTarget "First iPhone App Project" */;
			buildPhases = (
				BD15CB3A1BDF1EBA00505DCE /* Sources */,
				BD15CB3B1BDF1EBA00505DCE /* Frameworks */,
				BD15CB3C1BDF1EBA00505DCE /* Resources */,
			);
			buildRules = (
			);
			dependencies = (
			);
			name = "First iPhone App Project";
			productName = "First iPhone App Project";
			productReference = BD15CB3E1BDF1EBA00505DCE /* First iPhone App Project.app */;
			productType = "com.apple.product-type.application";
		};
/* End PBXNativeTarget section */

/* Begin PBXProject section */
		BD15CB361BDF1EBA00505DCE /* Project object */ = {
			isa = PBXProject;
			attributes = {
				LastSwiftUpdateCheck = 0710;
				LastUpgradeCheck = 0710;
				ORGANIZATIONNAME = "Paul Solt";
				TargetAttributes = {
					BD15CB3D1BDF1EBA00505DCE = {
						CreatedOnToolsVersion = 7.1;
					};
				};
			};
			buildConfigurationList = BD15CB391BDF1EBA00505DCE /* Build configuration list for PBXProject "First iPhone App Project" */;
			compatibilityVersion = "Xcode 3.2";
			developmentRegion = English;
			hasScannedForEncodings = 0;
			knownRegions = (
				en,
				Base,
			);
			mainGroup = BD15CB351BDF1EBA00505DCE;
			productRefGroup = BD15CB3F1BDF1EBA00505DCE /* Products */;
			projectDirPath = "";
			projectRoot = "";
			targets = (
				BD15CB3D1BDF1EBA00505DCE /* First iPhone App Project */,
			);
		};
/* End PBXProject section */

/* Begin PBXResourcesBuildPhase section */
		BD15CB3C1BDF1EBA00505DCE /* Resources */ = {
			isa = PBXResourcesBuildPhase;
			buildActionMask = 2147483647;
			files = (
				BD15CB4C1BDF1EBA00505DCE /* LaunchScreen.storyboard in Resources */,
				BD15CB491BDF1EBA00505DCE /* Assets.xcassets in Resources */,
				BD15CB471BDF1EBA00505DCE /* Main.storyboard in Resources */,
			);
			runOnlyForDeploymentPostprocessing = 0;
		};
/* End PBXResourcesBuildPhase section */

/* Begin PBXSourcesBuildPhase section */
		BD15CB3A1BDF1EBA00505DCE /* Sources */ = {
			isa = PBXSourcesBuildPhase;
			buildActionMask = 2147483647;
			files = (
				BD15CB441BDF1EBA00505DCE /* ViewController.swift in Sources */,
				BD15CB421BDF1EBA00505DCE /* AppDelegate.swift in Sources */,
			);
			runOnlyForDeploymentPostprocessing = 0;
		};
/* End PBXSourcesBuildPhase section */

/* Begin PBXVariantGroup section */
		BD15CB451BDF1EBA00505DCE /* Main.storyboard */ = {
			isa = PBXVariantGroup;
			children = (
				BD15CB461BDF1EBA00505DCE /* Base */,
			);
			name = Main.storyboard;
			sourceTree = "<group>";
		};
		BD15CB4A1BDF1EBA00505DCE /* LaunchScreen.storyboard */ = {
			isa = PBXVariantGroup;
			children = (
				BD15CB4B1BDF1EBA00505DCE /* Base */,
			);
			name = LaunchScreen.storyboard;
			sourceTree = "<group>";
		};
/* End PBXVariantGroup section */

/* Begin XCBuildConfiguration section */
		BD15CB4E1BDF1EBA00505DCE /* Debug */ = {
			isa = XCBuildConfiguration;
			buildSettings = {
				ALWAYS_SEARCH_USER_PATHS = NO;
				CLANG_CXX_LANGUAGE_STANDARD = "gnu++0x";
				CLANG_CXX_LIBRARY = "libc++";
				CLANG_ENABLE_MODULES = YES;
				CLANG_ENABLE_OBJC_ARC = YES;
				CLANG_WARN_BOOL_CONVERSION = YES;
				CLANG_WARN_CONSTANT_CONVERSION = YES;
				CLANG_WARN_DIRECT_OBJC_ISA_USAGE = YES_ERROR;
				CLANG_WARN_EMPTY_BODY = YES;
				CLANG_WARN_ENUM_CONVERSION = YES;
				CLANG_WARN_INT_CONVERSION = YES;
				CLANG_WARN_OBJC_ROOT_CLASS = YES_ERROR;
				CLANG_WARN_UNREACHABLE_CODE = YES;
				CLANG_WARN__DUPLICATE_METHOD_MATCH = YES;
				"CODE_SIGN_IDENTITY[sdk=iphoneos*]" = "iPhone Developer";
				COPY_PHASE_STRIP = NO;
				DEBUG_INFORMATION_FORMAT = dwarf;
				ENABLE_STRICT_OBJC_MSGSEND = YES;
				ENABLE_TESTABILITY = YES;
				GCC_C_LANGUAGE_STANDARD = gnu99;
				GCC_DYNAMIC_NO_PIC = NO;
				GCC_NO_COMMON_BLOCKS = YES;
				GCC_OPTIMIZATION_LEVEL = 0;
				GCC_PREPROCESSOR_DEFINITIONS = (
					"DEBUG=1",
					"$(inherited)",
				);
				GCC_WARN_64_TO_32_BIT_CONVERSION = YES;
				GCC_WARN_ABOUT_RETURN_TYPE = YES_ERROR;
				GCC_WARN_UNDECLARED_SELECTOR = YES;
				GCC_WARN_UNINITIALIZED_AUTOS = YES_AGGRESSIVE;
				GCC_WARN_UNUSED_FUNCTION = YES;
				GCC_WARN_UNUSED_VARIABLE = YES;
				IPHONEOS_DEPLOYMENT_TARGET = 9.1;
				MTL_ENABLE_DEBUG_INFO = YES;
				ONLY_ACTIVE_ARCH = YES;
				SDKROOT = iphoneos;
				SWIFT_OPTIMIZATION_LEVEL = "-Onone";
			};
			name = Debug;
		};
		BD15CB4F1BDF1EBA00505DCE /* Release */ = {
			isa = XCBuildConfiguration;
			buildSettings = {
				ALWAYS_SEARCH_USER_PATHS = NO;
				CLANG_CXX_LANGUAGE_STANDARD = "gnu++0x";
				CLANG_CXX_LIBRARY = "libc++";
				CLANG_ENABLE_MODULES = YES;
				CLANG_ENABLE_OBJC_ARC = YES;
				CLANG_WARN_BOOL_CONVERSION = YES;
				CLANG_WARN_CONSTANT_CONVERSION = YES;
				CLANG_WARN_DIRECT_OBJC_ISA_USAGE = YES_ERROR;
				CLANG_WARN_EMPTY_BODY = YES;
				CLANG_WARN_ENUM_CONVERSION = YES;
				CLANG_WARN_INT_CONVERSION = YES;
				CLANG_WARN_OBJC_ROOT_CLASS = YES_ERROR;
				CLANG_WARN_UNREACHABLE_CODE = YES;
				CLANG_WARN__DUPLICATE_METHOD_MATCH = YES;
				"CODE_SIGN_IDENTITY[sdk=iphoneos*]" = "iPhone Developer";
				COPY_PHASE_STRIP = NO;
				DEBUG_INFORMATION_FORMAT = "dwarf-with-dsym";
				ENABLE_NS_ASSERTIONS = NO;
				ENABLE_STRICT_OBJC_MSGSEND = YES;
				GCC_C_LANGUAGE_STANDARD = gnu99;
				GCC_NO_COMMON_BLOCKS = YES;
				GCC_WARN_64_TO_32_BIT_CONVERSION = YES;
				GCC_WARN_ABOUT_RETURN_TYPE = YES_ERROR;
				GCC_WARN_UNDECLARED_SELECTOR = YES;
				GCC_WARN_UNINITIALIZED_AUTOS = YES_AGGRESSIVE;
				GCC_WARN_UNUSED_FUNCTION = YES;
				GCC_WARN_UNUSED_VARIABLE = YES;
				IPHONEOS_DEPLOYMENT_TARGET = 9.1;
				MTL_ENABLE_DEBUG_INFO = NO;
				SDKROOT = iphoneos;
				VALIDATE_PRODUCT = YES;
			};
			name = Release;
		};
		BD15CB511BDF1EBA00505DCE /* Debug */ = {
			isa = XCBuildConfiguration;
			buildSettings = {
				ASSETCATALOG_COMPILER_APPICON_NAME = AppIcon;
				INFOPLIST_FILE = "First iPhone App Project/Info.plist";
				LD_RUNPATH_SEARCH_PATHS = "$(inherited) @executable_path/Frameworks";
				PRODUCT_BUNDLE_IDENTIFIER = "com.paulsolt.First-iPhone-App-Project";
				PRODUCT_NAME = "$(TARGET_NAME)";
			};
			name = Debug;
		};
		BD15CB521BDF1EBA00505DCE /* Release */ = {
			isa = XCBuildConfiguration;
			buildSettings = {
				ASSETCATALOG_COMPILER_APPICON_NAME = AppIcon;
				INFOPLIST_FILE = "First iPhone App Project/Info.plist";
				LD_RUNPATH_SEARCH_PATHS = "$(inherited) @executable_path/Frameworks";
				PRODUCT_BUNDLE_IDENTIFIER = "com.paulsolt.First-iPhone-App-Project";
				PRODUCT_NAME = "$(TARGET_NAME)";
			};
			name = Release;
		};
/* End XCBuildConfiguration section */

/* Begin XCConfigurationList section */
		BD15CB391BDF1EBA00505DCE /* Build configuration list for PBXProject "First iPhone App Project" */ = {
			isa = XCConfigurationList;
			buildConfigurations = (
				BD15CB4E1BDF1EBA00505DCE /* Debug */,
				BD15CB4F1BDF1EBA00505DCE /* Release */,
			);
			defaultConfigurationIsVisible = 0;
			defaultConfigurationName = Release;
		};
		BD15CB501BDF1EBA00505DCE /* Build configuration list for PBXNativeTarget "First iPhone App Project" */ = {
			isa = XCConfigurationList;
			buildConfigurations = (
				BD15CB511BDF1EBA00505DCE /* Debug */,
				BD15CB521BDF1EBA00505DCE /* Release */,
			);
			defaultConfigurationIsVisible = 0;
		};
/* End XCConfigurationList section */
	};
	rootObject = BD15CB361BDF1EBA00505DCE /* Project object */;
}
